// !$*UTF8*$!
{
	archiveVersion = 1;
	classes = {
	};
	objectVersion = 52;
	objects = {

/* Begin PBXBuildFile section */
		A56A26B424CC0BF0003E6553 /* AppDelegate.swift in Sources */ = {isa = PBXBuildFile; fileRef = A56A26B324CC0BF0003E6553 /* AppDelegate.swift */; };
		A56A26B624CC0BF0003E6553 /* SceneDelegate.swift in Sources */ = {isa = PBXBuildFile; fileRef = A56A26B524CC0BF0003E6553 /* SceneDelegate.swift */; };
		A56A26B824CC0BF0003E6553 /* FirstViewController.swift in Sources */ = {isa = PBXBuildFile; fileRef = A56A26B724CC0BF0003E6553 /* FirstViewController.swift */; };
		A56A26BA24CC0BF0003E6553 /* SecondViewController.swift in Sources */ = {isa = PBXBuildFile; fileRef = A56A26B924CC0BF0003E6553 /* SecondViewController.swift */; };
		A56A26BD24CC0BF0003E6553 /* Main.storyboard in Resources */ = {isa = PBXBuildFile; fileRef = A56A26BB24CC0BF0003E6553 /* Main.storyboard */; };
		A56A26BF24CC0BF1003E6553 /* Assets.xcassets in Resources */ = {isa = PBXBuildFile; fileRef = A56A26BE24CC0BF1003E6553 /* Assets.xcassets */; };
		A56A26C224CC0BF1003E6553 /* LaunchScreen.storyboard in Resources */ = {isa = PBXBuildFile; fileRef = A56A26C024CC0BF1003E6553 /* LaunchScreen.storyboard */; };
		A56A26CC24CC22A1003E6553 /* HomeViewController.swift in Sources */ = {isa = PBXBuildFile; fileRef = A56A26CB24CC22A1003E6553 /* HomeViewController.swift */; };
		A56A26D124CC26E2003E6553 /* Home.storyboard in Resources */ = {isa = PBXBuildFile; fileRef = A56A26D024CC26E2003E6553 /* Home.storyboard */; };
		A56A26D324CC30F2003E6553 /* LetterCoverCell.swift in Sources */ = {isa = PBXBuildFile; fileRef = A56A26D224CC30F2003E6553 /* LetterCoverCell.swift */; };
		A56A26D524CC7641003E6553 /* HomeTitleView.swift in Sources */ = {isa = PBXBuildFile; fileRef = A56A26D424CC7641003E6553 /* HomeTitleView.swift */; };
		E38986B42514F31E004B922A /* Promises in Frameworks */ = {isa = PBXBuildFile; productRef = E38986B32514F31E004B922A /* Promises */; };
		E3BBEA8024F8BA2F00B98749 /* Kingfisher in Frameworks */ = {isa = PBXBuildFile; productRef = E3BBEA7F24F8BA2F00B98749 /* Kingfisher */; };
		E3BBEA8324F8BB1100B98749 /* Alamofire in Frameworks */ = {isa = PBXBuildFile; productRef = E3BBEA8224F8BB1100B98749 /* Alamofire */; };
		E3BBEA8624F8BC0300B98749 /* Moya in Frameworks */ = {isa = PBXBuildFile; productRef = E3BBEA8524F8BC0300B98749 /* Moya */; };
		E3BBEA8824F8BC0300B98749 /* RxMoya in Frameworks */ = {isa = PBXBuildFile; productRef = E3BBEA8724F8BC0300B98749 /* RxMoya */; };
		E3C17A2324CCC5280083F54D /* LetterToViewController.swift in Sources */ = {isa = PBXBuildFile; fileRef = E3C17A2124CC28600083F54D /* LetterToViewController.swift */; };
		E3C17A2424CCC55F0083F54D /* Letter.storyboard in Resources */ = {isa = PBXBuildFile; fileRef = E3C17A1F24CC28360083F54D /* Letter.storyboard */; };
/* End PBXBuildFile section */

/* Begin PBXFileReference section */
		A56A26B024CC0BF0003E6553 /* gugugugu.app */ = {isa = PBXFileReference; explicitFileType = wrapper.application; includeInIndex = 0; path = gugugugu.app; sourceTree = BUILT_PRODUCTS_DIR; };
		A56A26B324CC0BF0003E6553 /* AppDelegate.swift */ = {isa = PBXFileReference; lastKnownFileType = sourcecode.swift; path = AppDelegate.swift; sourceTree = "<group>"; };
		A56A26B524CC0BF0003E6553 /* SceneDelegate.swift */ = {isa = PBXFileReference; lastKnownFileType = sourcecode.swift; path = SceneDelegate.swift; sourceTree = "<group>"; };
		A56A26B724CC0BF0003E6553 /* FirstViewController.swift */ = {isa = PBXFileReference; lastKnownFileType = sourcecode.swift; path = FirstViewController.swift; sourceTree = "<group>"; };
		A56A26B924CC0BF0003E6553 /* SecondViewController.swift */ = {isa = PBXFileReference; lastKnownFileType = sourcecode.swift; path = SecondViewController.swift; sourceTree = "<group>"; };
		A56A26BC24CC0BF0003E6553 /* Base */ = {isa = PBXFileReference; lastKnownFileType = file.storyboard; name = Base; path = Base.lproj/Main.storyboard; sourceTree = "<group>"; };
		A56A26BE24CC0BF1003E6553 /* Assets.xcassets */ = {isa = PBXFileReference; lastKnownFileType = folder.assetcatalog; path = Assets.xcassets; sourceTree = "<group>"; };
		A56A26C124CC0BF1003E6553 /* Base */ = {isa = PBXFileReference; lastKnownFileType = file.storyboard; name = Base; path = Base.lproj/LaunchScreen.storyboard; sourceTree = "<group>"; };
		A56A26C324CC0BF1003E6553 /* Info.plist */ = {isa = PBXFileReference; lastKnownFileType = text.plist.xml; path = Info.plist; sourceTree = "<group>"; };
		A56A26CB24CC22A1003E6553 /* HomeViewController.swift */ = {isa = PBXFileReference; lastKnownFileType = sourcecode.swift; path = HomeViewController.swift; sourceTree = "<group>"; };
		A56A26D024CC26E2003E6553 /* Home.storyboard */ = {isa = PBXFileReference; lastKnownFileType = file.storyboard; path = Home.storyboard; sourceTree = "<group>"; };
		A56A26D224CC30F2003E6553 /* LetterCoverCell.swift */ = {isa = PBXFileReference; lastKnownFileType = sourcecode.swift; path = LetterCoverCell.swift; sourceTree = "<group>"; };
		A56A26D424CC7641003E6553 /* HomeTitleView.swift */ = {isa = PBXFileReference; lastKnownFileType = sourcecode.swift; path = HomeTitleView.swift; sourceTree = "<group>"; };
		E3C17A1F24CC28360083F54D /* Letter.storyboard */ = {isa = PBXFileReference; lastKnownFileType = file.storyboard; path = Letter.storyboard; sourceTree = "<group>"; };
		E3C17A2124CC28600083F54D /* LetterToViewController.swift */ = {isa = PBXFileReference; lastKnownFileType = sourcecode.swift; path = LetterToViewController.swift; sourceTree = "<group>"; };
/* End PBXFileReference section */

/* Begin PBXFrameworksBuildPhase section */
		A56A26AD24CC0BF0003E6553 /* Frameworks */ = {
			isa = PBXFrameworksBuildPhase;
			buildActionMask = 2147483647;
			files = (
				E3BBEA8024F8BA2F00B98749 /* Kingfisher in Frameworks */,
				E3BBEA8324F8BB1100B98749 /* Alamofire in Frameworks */,
				E3BBEA8824F8BC0300B98749 /* RxMoya in Frameworks */,
				E38986B42514F31E004B922A /* Promises in Frameworks */,
				E3BBEA8624F8BC0300B98749 /* Moya in Frameworks */,
			);
			runOnlyForDeploymentPostprocessing = 0;
		};
/* End PBXFrameworksBuildPhase section */

/* Begin PBXGroup section */
		A56A26A724CC0BF0003E6553 = {
			isa = PBXGroup;
			children = (
				A56A26B224CC0BF0003E6553 /* gugugugu */,
				A56A26B124CC0BF0003E6553 /* Products */,
			);
			sourceTree = "<group>";
		};
		A56A26B124CC0BF0003E6553 /* Products */ = {
			isa = PBXGroup;
			children = (
				A56A26B024CC0BF0003E6553 /* gugugugu.app */,
			);
			name = Products;
			sourceTree = "<group>";
		};
		A56A26B224CC0BF0003E6553 /* gugugugu */ = {
			isa = PBXGroup;
			children = (
				A56A26CA24CC1AFA003E6553 /* Global */,
				A56A26B724CC0BF0003E6553 /* FirstViewController.swift */,
				A56A26B924CC0BF0003E6553 /* SecondViewController.swift */,
				A56A26CF24CC232D003E6553 /* Home */,
				E3C17A1E24CC28280083F54D /* Letter */,
				A56A26BB24CC0BF0003E6553 /* Main.storyboard */,
				A56A26C924CC1AB4003E6553 /* SupportingFiles */,
				A56A26C024CC0BF1003E6553 /* LaunchScreen.storyboard */,
			);
			path = gugugugu;
			sourceTree = "<group>";
		};
		A56A26C924CC1AB4003E6553 /* SupportingFiles */ = {
			isa = PBXGroup;
			children = (
				A56A26BE24CC0BF1003E6553 /* Assets.xcassets */,
				A56A26C324CC0BF1003E6553 /* Info.plist */,
			);
			path = SupportingFiles;
			sourceTree = "<group>";
		};
		A56A26CA24CC1AFA003E6553 /* Global */ = {
			isa = PBXGroup;
			children = (
				A56A26B324CC0BF0003E6553 /* AppDelegate.swift */,
				A56A26B524CC0BF0003E6553 /* SceneDelegate.swift */,
			);
			path = Global;
			sourceTree = "<group>";
		};
		A56A26CF24CC232D003E6553 /* Home */ = {
			isa = PBXGroup;
			children = (
				A56A26CB24CC22A1003E6553 /* HomeViewController.swift */,
				A56A26D424CC7641003E6553 /* HomeTitleView.swift */,
				A56A26D224CC30F2003E6553 /* LetterCoverCell.swift */,
				A56A26D024CC26E2003E6553 /* Home.storyboard */,
			);
			path = Home;
			sourceTree = "<group>";
		};
		E3C17A1E24CC28280083F54D /* Letter */ = {
			isa = PBXGroup;
			children = (
				E3C17A1F24CC28360083F54D /* Letter.storyboard */,
				E3C17A2124CC28600083F54D /* LetterToViewController.swift */,
			);
			path = Letter;
			sourceTree = "<group>";
		};
/* End PBXGroup section */

/* Begin PBXNativeTarget section */
		A56A26AF24CC0BF0003E6553 /* gugugugu */ = {
			isa = PBXNativeTarget;
			buildConfigurationList = A56A26C624CC0BF1003E6553 /* Build configuration list for PBXNativeTarget "gugugugu" */;
			buildPhases = (
				A56A26AC24CC0BF0003E6553 /* Sources */,
				A56A26AD24CC0BF0003E6553 /* Frameworks */,
				A56A26AE24CC0BF0003E6553 /* Resources */,
			);
			buildRules = (
			);
			dependencies = (
			);
			name = gugugugu;
			packageProductDependencies = (
				E3BBEA7F24F8BA2F00B98749 /* Kingfisher */,
				E3BBEA8224F8BB1100B98749 /* Alamofire */,
				E3BBEA8524F8BC0300B98749 /* Moya */,
				E3BBEA8724F8BC0300B98749 /* RxMoya */,
				E38986B32514F31E004B922A /* Promises */,
			);
			productName = gugugugu;
			productReference = A56A26B024CC0BF0003E6553 /* gugugugu.app */;
			productType = "com.apple.product-type.application";
		};
/* End PBXNativeTarget section */

/* Begin PBXProject section */
		A56A26A824CC0BF0003E6553 /* Project object */ = {
			isa = PBXProject;
			attributes = {
				LastSwiftUpdateCheck = 1160;
				LastUpgradeCheck = 1160;
				ORGANIZATIONNAME = "JU HO YOON";
				TargetAttributes = {
					A56A26AF24CC0BF0003E6553 = {
						CreatedOnToolsVersion = 11.6;
					};
				};
			};
			buildConfigurationList = A56A26AB24CC0BF0003E6553 /* Build configuration list for PBXProject "gugugugu" */;
			compatibilityVersion = "Xcode 9.3";
			developmentRegion = en;
			hasScannedForEncodings = 0;
			knownRegions = (
				en,
				Base,
			);
			mainGroup = A56A26A724CC0BF0003E6553;
			packageReferences = (
				E3BBEA7E24F8BA2F00B98749 /* XCRemoteSwiftPackageReference "Kingfisher" */,
				E3BBEA8124F8BB1100B98749 /* XCRemoteSwiftPackageReference "Alamofire" */,
				E3BBEA8424F8BC0300B98749 /* XCRemoteSwiftPackageReference "Moya" */,
				E38986B22514F31E004B922A /* XCRemoteSwiftPackageReference "promises" */,
			);
			productRefGroup = A56A26B124CC0BF0003E6553 /* Products */;
			projectDirPath = "";
			projectRoot = "";
			targets = (
				A56A26AF24CC0BF0003E6553 /* gugugugu */,
			);
		};
/* End PBXProject section */

/* Begin PBXResourcesBuildPhase section */
		A56A26AE24CC0BF0003E6553 /* Resources */ = {
			isa = PBXResourcesBuildPhase;
			buildActionMask = 2147483647;
			files = (
				A56A26C224CC0BF1003E6553 /* LaunchScreen.storyboard in Resources */,
				A56A26BF24CC0BF1003E6553 /* Assets.xcassets in Resources */,
				A56A26BD24CC0BF0003E6553 /* Main.storyboard in Resources */,
				E3C17A2424CCC55F0083F54D /* Letter.storyboard in Resources */,
				A56A26D124CC26E2003E6553 /* Home.storyboard in Resources */,
			);
			runOnlyForDeploymentPostprocessing = 0;
		};
/* End PBXResourcesBuildPhase section */

/* Begin PBXSourcesBuildPhase section */
		A56A26AC24CC0BF0003E6553 /* Sources */ = {
			isa = PBXSourcesBuildPhase;
			buildActionMask = 2147483647;
			files = (
				A56A26CC24CC22A1003E6553 /* HomeViewController.swift in Sources */,
				A56A26D524CC7641003E6553 /* HomeTitleView.swift in Sources */,
				A56A26BA24CC0BF0003E6553 /* SecondViewController.swift in Sources */,
				A56A26B824CC0BF0003E6553 /* FirstViewController.swift in Sources */,
				E3C17A2324CCC5280083F54D /* LetterToViewController.swift in Sources */,
				A56A26B424CC0BF0003E6553 /* AppDelegate.swift in Sources */,
				A56A26B624CC0BF0003E6553 /* SceneDelegate.swift in Sources */,
				A56A26D324CC30F2003E6553 /* LetterCoverCell.swift in Sources */,
			);
			runOnlyForDeploymentPostprocessing = 0;
		};
/* End PBXSourcesBuildPhase section */

/* Begin PBXVariantGroup section */
		A56A26BB24CC0BF0003E6553 /* Main.storyboard */ = {
			isa = PBXVariantGroup;
			children = (
				A56A26BC24CC0BF0003E6553 /* Base */,
			);
			name = Main.storyboard;
			sourceTree = "<group>";
		};
		A56A26C024CC0BF1003E6553 /* LaunchScreen.storyboard */ = {
			isa = PBXVariantGroup;
			children = (
				A56A26C124CC0BF1003E6553 /* Base */,
			);
			name = LaunchScreen.storyboard;
			sourceTree = "<group>";
		};
/* End PBXVariantGroup section */

/* Begin XCBuildConfiguration section */
		A56A26C424CC0BF1003E6553 /* Debug */ = {
			isa = XCBuildConfiguration;
			buildSettings = {
				ALWAYS_SEARCH_USER_PATHS = NO;
				CLANG_ANALYZER_NONNULL = YES;
				CLANG_ANALYZER_NUMBER_OBJECT_CONVERSION = YES_AGGRESSIVE;
				CLANG_CXX_LANGUAGE_STANDARD = "gnu++14";
				CLANG_CXX_LIBRARY = "libc++";
				CLANG_ENABLE_MODULES = YES;
				CLANG_ENABLE_OBJC_ARC = YES;
				CLANG_ENABLE_OBJC_WEAK = YES;
				CLANG_WARN_BLOCK_CAPTURE_AUTORELEASING = YES;
				CLANG_WARN_BOOL_CONVERSION = YES;
				CLANG_WARN_COMMA = YES;
				CLANG_WARN_CONSTANT_CONVERSION = YES;
				CLANG_WARN_DEPRECATED_OBJC_IMPLEMENTATIONS = YES;
				CLANG_WARN_DIRECT_OBJC_ISA_USAGE = YES_ERROR;
				CLANG_WARN_DOCUMENTATION_COMMENTS = YES;
				CLANG_WARN_EMPTY_BODY = YES;
				CLANG_WARN_ENUM_CONVERSION = YES;
				CLANG_WARN_INFINITE_RECURSION = YES;
				CLANG_WARN_INT_CONVERSION = YES;
				CLANG_WARN_NON_LITERAL_NULL_CONVERSION = YES;
				CLANG_WARN_OBJC_IMPLICIT_RETAIN_SELF = YES;
				CLANG_WARN_OBJC_LITERAL_CONVERSION = YES;
				CLANG_WARN_OBJC_ROOT_CLASS = YES_ERROR;
				CLANG_WARN_RANGE_LOOP_ANALYSIS = YES;
				CLANG_WARN_STRICT_PROTOTYPES = YES;
				CLANG_WARN_SUSPICIOUS_MOVE = YES;
				CLANG_WARN_UNGUARDED_AVAILABILITY = YES_AGGRESSIVE;
				CLANG_WARN_UNREACHABLE_CODE = YES;
				CLANG_WARN__DUPLICATE_METHOD_MATCH = YES;
				COPY_PHASE_STRIP = NO;
				DEBUG_INFORMATION_FORMAT = dwarf;
				ENABLE_STRICT_OBJC_MSGSEND = YES;
				ENABLE_TESTABILITY = YES;
				GCC_C_LANGUAGE_STANDARD = gnu11;
				GCC_DYNAMIC_NO_PIC = NO;
				GCC_NO_COMMON_BLOCKS = YES;
				GCC_OPTIMIZATION_LEVEL = 0;
				GCC_PREPROCESSOR_DEFINITIONS = (
					"DEBUG=1",
					"$(inherited)",
				);
				GCC_WARN_64_TO_32_BIT_CONVERSION = YES;
				GCC_WARN_ABOUT_RETURN_TYPE = YES_ERROR;
				GCC_WARN_UNDECLARED_SELECTOR = YES;
				GCC_WARN_UNINITIALIZED_AUTOS = YES_AGGRESSIVE;
				GCC_WARN_UNUSED_FUNCTION = YES;
				GCC_WARN_UNUSED_VARIABLE = YES;
				IPHONEOS_DEPLOYMENT_TARGET = 13.0;
				MTL_ENABLE_DEBUG_INFO = INCLUDE_SOURCE;
				MTL_FAST_MATH = YES;
				ONLY_ACTIVE_ARCH = YES;
				SDKROOT = iphoneos;
				SWIFT_ACTIVE_COMPILATION_CONDITIONS = DEBUG;
				SWIFT_OPTIMIZATION_LEVEL = "-Onone";
			};
			name = Debug;
		};
		A56A26C524CC0BF1003E6553 /* Release */ = {
			isa = XCBuildConfiguration;
			buildSettings = {
				ALWAYS_SEARCH_USER_PATHS = NO;
				CLANG_ANALYZER_NONNULL = YES;
				CLANG_ANALYZER_NUMBER_OBJECT_CONVERSION = YES_AGGRESSIVE;
				CLANG_CXX_LANGUAGE_STANDARD = "gnu++14";
				CLANG_CXX_LIBRARY = "libc++";
				CLANG_ENABLE_MODULES = YES;
				CLANG_ENABLE_OBJC_ARC = YES;
				CLANG_ENABLE_OBJC_WEAK = YES;
				CLANG_WARN_BLOCK_CAPTURE_AUTORELEASING = YES;
				CLANG_WARN_BOOL_CONVERSION = YES;
				CLANG_WARN_COMMA = YES;
				CLANG_WARN_CONSTANT_CONVERSION = YES;
				CLANG_WARN_DEPRECATED_OBJC_IMPLEMENTATIONS = YES;
				CLANG_WARN_DIRECT_OBJC_ISA_USAGE = YES_ERROR;
				CLANG_WARN_DOCUMENTATION_COMMENTS = YES;
				CLANG_WARN_EMPTY_BODY = YES;
				CLANG_WARN_ENUM_CONVERSION = YES;
				CLANG_WARN_INFINITE_RECURSION = YES;
				CLANG_WARN_INT_CONVERSION = YES;
				CLANG_WARN_NON_LITERAL_NULL_CONVERSION = YES;
				CLANG_WARN_OBJC_IMPLICIT_RETAIN_SELF = YES;
				CLANG_WARN_OBJC_LITERAL_CONVERSION = YES;
				CLANG_WARN_OBJC_ROOT_CLASS = YES_ERROR;
				CLANG_WARN_RANGE_LOOP_ANALYSIS = YES;
				CLANG_WARN_STRICT_PROTOTYPES = YES;
				CLANG_WARN_SUSPICIOUS_MOVE = YES;
				CLANG_WARN_UNGUARDED_AVAILABILITY = YES_AGGRESSIVE;
				CLANG_WARN_UNREACHABLE_CODE = YES;
				CLANG_WARN__DUPLICATE_METHOD_MATCH = YES;
				COPY_PHASE_STRIP = NO;
				DEBUG_INFORMATION_FORMAT = "dwarf-with-dsym";
				ENABLE_NS_ASSERTIONS = NO;
				ENABLE_STRICT_OBJC_MSGSEND = YES;
				GCC_C_LANGUAGE_STANDARD = gnu11;
				GCC_NO_COMMON_BLOCKS = YES;
				GCC_WARN_64_TO_32_BIT_CONVERSION = YES;
				GCC_WARN_ABOUT_RETURN_TYPE = YES_ERROR;
				GCC_WARN_UNDECLARED_SELECTOR = YES;
				GCC_WARN_UNINITIALIZED_AUTOS = YES_AGGRESSIVE;
				GCC_WARN_UNUSED_FUNCTION = YES;
				GCC_WARN_UNUSED_VARIABLE = YES;
				IPHONEOS_DEPLOYMENT_TARGET = 13.0;
				MTL_ENABLE_DEBUG_INFO = NO;
				MTL_FAST_MATH = YES;
				SDKROOT = iphoneos;
				SWIFT_COMPILATION_MODE = wholemodule;
				SWIFT_OPTIMIZATION_LEVEL = "-O";
				VALIDATE_PRODUCT = YES;
			};
			name = Release;
		};
		A56A26C724CC0BF1003E6553 /* Debug */ = {
			isa = XCBuildConfiguration;
			buildSettings = {
				ASSETCATALOG_COMPILER_APPICON_NAME = AppIcon;
				CODE_SIGN_IDENTITY = "iPhone Developer";
				CODE_SIGN_STYLE = Manual;
				DEVELOPMENT_TEAM = REPXTXVF2V;
				INFOPLIST_FILE = gugugugu/SupportingFiles/Info.plist;
				LD_RUNPATH_SEARCH_PATHS = (
					"$(inherited)",
					"@executable_path/Frameworks",
				);
				PRODUCT_BUNDLE_IDENTIFIER = com.gugugugu.gugugugu;
				PRODUCT_NAME = "$(TARGET_NAME)";
				PROVISIONING_PROFILE_SPECIFIER = "GUGUGUGU Provisioning Profile";
				SWIFT_VERSION = 5.0;
				TARGETED_DEVICE_FAMILY = "1,2";
			};
			name = Debug;
		};
		A56A26C824CC0BF1003E6553 /* Release */ = {
			isa = XCBuildConfiguration;
			buildSettings = {
				ASSETCATALOG_COMPILER_APPICON_NAME = AppIcon;
				CODE_SIGN_IDENTITY = "iPhone Developer";
				CODE_SIGN_STYLE = Manual;
				DEVELOPMENT_TEAM = REPXTXVF2V;
				INFOPLIST_FILE = gugugugu/SupportingFiles/Info.plist;
				LD_RUNPATH_SEARCH_PATHS = (
					"$(inherited)",
					"@executable_path/Frameworks",
				);
				PRODUCT_BUNDLE_IDENTIFIER = com.gugugugu.gugugugu;
				PRODUCT_NAME = "$(TARGET_NAME)";
				PROVISIONING_PROFILE_SPECIFIER = "GUGUGUGU Provisioning Profile";
				SWIFT_VERSION = 5.0;
				TARGETED_DEVICE_FAMILY = "1,2";
			};
			name = Release;
		};
/* End XCBuildConfiguration section */

/* Begin XCConfigurationList section */
		A56A26AB24CC0BF0003E6553 /* Build configuration list for PBXProject "gugugugu" */ = {
			isa = XCConfigurationList;
			buildConfigurations = (
				A56A26C424CC0BF1003E6553 /* Debug */,
				A56A26C524CC0BF1003E6553 /* Release */,
			);
			defaultConfigurationIsVisible = 0;
			defaultConfigurationName = Release;
		};
		A56A26C624CC0BF1003E6553 /* Build configuration list for PBXNativeTarget "gugugugu" */ = {
			isa = XCConfigurationList;
			buildConfigurations = (
				A56A26C724CC0BF1003E6553 /* Debug */,
				A56A26C824CC0BF1003E6553 /* Release */,
			);
			defaultConfigurationIsVisible = 0;
			defaultConfigurationName = Release;
		};
/* End XCConfigurationList section */

/* Begin XCRemoteSwiftPackageReference section */
		E38986B22514F31E004B922A /* XCRemoteSwiftPackageReference "promises" */ = {
			isa = XCRemoteSwiftPackageReference;
			repositoryURL = "https://github.com/google/promises.git";
			requirement = {
				kind = upToNextMajorVersion;
				minimumVersion = 1.2.10;
			};
		};
		E3BBEA7E24F8BA2F00B98749 /* XCRemoteSwiftPackageReference "Kingfisher" */ = {
			isa = XCRemoteSwiftPackageReference;
			repositoryURL = "https://github.com/onevcat/Kingfisher.git";
			requirement = {
				kind = upToNextMajorVersion;
				minimumVersion = 5.15.0;
			};
		};
		E3BBEA8124F8BB1100B98749 /* XCRemoteSwiftPackageReference "Alamofire" */ = {
			isa = XCRemoteSwiftPackageReference;
			repositoryURL = "https://github.com/Alamofire/Alamofire.git";
			requirement = {
				kind = upToNextMajorVersion;
				minimumVersion = 4.8.2;
			};
		};
		E3BBEA8424F8BC0300B98749 /* XCRemoteSwiftPackageReference "Moya" */ = {
			isa = XCRemoteSwiftPackageReference;
			repositoryURL = "https://github.com/Moya/Moya.git";
			requirement = {
				kind = upToNextMajorVersion;
				minimumVersion = 13.0.0;
			};
		};
/* End XCRemoteSwiftPackageReference section */

/* Begin XCSwiftPackageProductDependency section */
		E38986B32514F31E004B922A /* Promises */ = {
			isa = XCSwiftPackageProductDependency;
			package = E38986B22514F31E004B922A /* XCRemoteSwiftPackageReference "promises" */;
			productName = Promises;
		};
		E3BBEA7F24F8BA2F00B98749 /* Kingfisher */ = {
			isa = XCSwiftPackageProductDependency;
			package = E3BBEA7E24F8BA2F00B98749 /* XCRemoteSwiftPackageReference "Kingfisher" */;
			productName = Kingfisher;
		};
		E3BBEA8224F8BB1100B98749 /* Alamofire */ = {
			isa = XCSwiftPackageProductDependency;
			package = E3BBEA8124F8BB1100B98749 /* XCRemoteSwiftPackageReference "Alamofire" */;
			productName = Alamofire;
		};
		E3BBEA8524F8BC0300B98749 /* Moya */ = {
			isa = XCSwiftPackageProductDependency;
			package = E3BBEA8424F8BC0300B98749 /* XCRemoteSwiftPackageReference "Moya" */;
			productName = Moya;
		};
		E3BBEA8724F8BC0300B98749 /* RxMoya */ = {
			isa = XCSwiftPackageProductDependency;
			package = E3BBEA8424F8BC0300B98749 /* XCRemoteSwiftPackageReference "Moya" */;
			productName = RxMoya;
		};
/* End XCSwiftPackageProductDependency section */
	};
	rootObject = A56A26A824CC0BF0003E6553 /* Project object */;
}
